
Microsoft Visual Studio Solution File, Format Version 12.00
# Visual Studio Version 17
VisualStudioVersion = 17.3.32901.215
MinimumVisualStudioVersion = 10.0.40219.1
Project("{9A19103F-16F7-4668-BE54-9A1E7A4F7556}") = "Pedizzeria", "WebApplication1\Pedizzeria.csproj", "{CA1205DD-1571-4C99-AA0B-E57352972743}"
EndProject
Global
	GlobalSection(SolutionConfigurationPlatforms) = preSolution
		Debug|Any CPU = Debug|Any CPU
		Release|Any CPU = Release|Any CPU
	EndGlobalSection
	GlobalSection(ProjectConfigurationPlatforms) = postSolution
		{CA1205DD-1571-4C99-AA0B-E57352972743}.Debug|Any CPU.ActiveCfg = Debug|Any CPU
		{CA1205DD-1571-4C99-AA0B-E57352972743}.Debug|Any CPU.Build.0 = Debug|Any CPU
		{CA1205DD-1571-4C99-AA0B-E57352972743}.Release|Any CPU.ActiveCfg = Release|Any CPU
		{CA1205DD-1571-4C99-AA0B-E57352972743}.Release|Any CPU.Build.0 = Release|Any CPU
	EndGlobalSection
	GlobalSection(SolutionProperties) = preSolution
		HideSolutionNode = FALSE
	EndGlobalSection
	GlobalSection(ExtensibilityGlobals) = postSolution
		SolutionGuid = {83593B12-EDF1-4198-8240-7D4601416C3F}
	EndGlobalSection
EndGlobal
